{
  "version": 2,
  "dependencies": {
    "net8.0": {
      "Microsoft.DotNet.ILCompiler": {
        "type": "Direct",
        "requested": "[8.0.5, )",
        "resolved": "8.0.5",
        "contentHash": "tfdncRQLXNpATB4Ykj11O5+fbkBAHoeLi6XfyxAWmilU4rwC3apT612RIuhqB6tBGE69G7Dl1g7HeydsH3Wz1w=="
      },
      "Microsoft.NET.ILLink.Tasks": {
        "type": "Direct",
        "requested": "[8.0.5, )",
        "resolved": "8.0.5",
        "contentHash": "4ISW1Ndgz86FkIbu5rVlMqhhtojdy5rUlxC/N+9kPh9qbYcvHiCvYbHKzAPVIx9OPYIjT9trXt7JI42Y5Ukq6A=="
      },
      "Microsoft.VisualStudio.Azure.Containers.Tools.Targets": {
        "type": "Direct",
        "requested": "[1.19.6, )",
        "resolved": "1.19.6",
        "contentHash": "7GOQdMzQcH7o/bPFL/I2kQEgMnq2pYZ+exhGb9nNqs624K9w2jB2zieh4sOH9+a01i/G9iTWfeUI3IGMF7SKNg=="
      }
    }
  }
}